// !$*UTF8*$!
{
	archiveVersion = 1;
	classes = {
	};
	objectVersion = 50;
	objects = {

/* Begin PBXBuildFile section */
		D914A4BF2600B22400DE9BD7 /* Tests_iOS.swift in Sources */ = {isa = PBXBuildFile; fileRef = D914A4BE2600B22400DE9BD7 /* Tests_iOS.swift */; };
		D914A4CA2600B22400DE9BD7 /* Tests_macOS.swift in Sources */ = {isa = PBXBuildFile; fileRef = D914A4C92600B22400DE9BD7 /* Tests_macOS.swift */; };
		D914A4CC2600B22400DE9BD7 /* card_matching_gameApp.swift in Sources */ = {isa = PBXBuildFile; fileRef = D914A4A32600B22000DE9BD7 /* card_matching_gameApp.swift */; };
		D914A4CD2600B22400DE9BD7 /* card_matching_gameApp.swift in Sources */ = {isa = PBXBuildFile; fileRef = D914A4A32600B22000DE9BD7 /* card_matching_gameApp.swift */; };
		D914A4CE2600B22400DE9BD7 /* MemoryGameView.swift in Sources */ = {isa = PBXBuildFile; fileRef = D914A4A42600B22000DE9BD7 /* MemoryGameView.swift */; };
		D914A4CF2600B22400DE9BD7 /* MemoryGameView.swift in Sources */ = {isa = PBXBuildFile; fileRef = D914A4A42600B22000DE9BD7 /* MemoryGameView.swift */; };
		D914A4D02600B22400DE9BD7 /* Assets.xcassets in Resources */ = {isa = PBXBuildFile; fileRef = D914A4A52600B22400DE9BD7 /* Assets.xcassets */; };
		D914A4D12600B22400DE9BD7 /* Assets.xcassets in Resources */ = {isa = PBXBuildFile; fileRef = D914A4A52600B22400DE9BD7 /* Assets.xcassets */; };
		D914A4E52600C33700DE9BD7 /* MemoryGame.swift in Sources */ = {isa = PBXBuildFile; fileRef = D914A4E42600C33700DE9BD7 /* MemoryGame.swift */; };
		D914A4E62600C33700DE9BD7 /* MemoryGame.swift in Sources */ = {isa = PBXBuildFile; fileRef = D914A4E42600C33700DE9BD7 /* MemoryGame.swift */; };
		D914A4EC2600C4C000DE9BD7 /* EmojiMemoryGame.swift in Sources */ = {isa = PBXBuildFile; fileRef = D914A4EB2600C4C000DE9BD7 /* EmojiMemoryGame.swift */; };
		D914A4ED2600C4C000DE9BD7 /* EmojiMemoryGame.swift in Sources */ = {isa = PBXBuildFile; fileRef = D914A4EB2600C4C000DE9BD7 /* EmojiMemoryGame.swift */; };
		D914A4F72602F54300DE9BD7 /* Grid.swift in Sources */ = {isa = PBXBuildFile; fileRef = D914A4F62602F54300DE9BD7 /* Grid.swift */; };
		D914A4F82602F54300DE9BD7 /* Grid.swift in Sources */ = {isa = PBXBuildFile; fileRef = D914A4F62602F54300DE9BD7 /* Grid.swift */; };
		D914A5022604CB1300DE9BD7 /* GridLayout.swift in Sources */ = {isa = PBXBuildFile; fileRef = D914A5012604CB1300DE9BD7 /* GridLayout.swift */; };
		D914A5032604CB1300DE9BD7 /* GridLayout.swift in Sources */ = {isa = PBXBuildFile; fileRef = D914A5012604CB1300DE9BD7 /* GridLayout.swift */; };
		D914A5092605611B00DE9BD7 /* Array+Identifiable.swift in Sources */ = {isa = PBXBuildFile; fileRef = D914A5082605611B00DE9BD7 /* Array+Identifiable.swift */; };
		D914A50A2605611B00DE9BD7 /* Array+Identifiable.swift in Sources */ = {isa = PBXBuildFile; fileRef = D914A5082605611B00DE9BD7 /* Array+Identifiable.swift */; };
		D914A5102606C5A000DE9BD7 /* Array+Only.swift in Sources */ = {isa = PBXBuildFile; fileRef = D914A50F2606C5A000DE9BD7 /* Array+Only.swift */; };
		D914A5112606C5A000DE9BD7 /* Array+Only.swift in Sources */ = {isa = PBXBuildFile; fileRef = D914A50F2606C5A000DE9BD7 /* Array+Only.swift */; };
		D914A5172608B15100DE9BD7 /* Theme.swift in Sources */ = {isa = PBXBuildFile; fileRef = D914A5162608B15100DE9BD7 /* Theme.swift */; };
		D914A5182608B15100DE9BD7 /* Theme.swift in Sources */ = {isa = PBXBuildFile; fileRef = D914A5162608B15100DE9BD7 /* Theme.swift */; };
/* End PBXBuildFile section */

/* Begin PBXContainerItemProxy section */
		D914A4BB2600B22400DE9BD7 /* PBXContainerItemProxy */ = {
			isa = PBXContainerItemProxy;
			containerPortal = D914A49E2600B22000DE9BD7 /* Project object */;
			proxyType = 1;
			remoteGlobalIDString = D914A4A92600B22400DE9BD7;
			remoteInfo = "card-matching-game (iOS)";
		};
		D914A4C62600B22400DE9BD7 /* PBXContainerItemProxy */ = {
			isa = PBXContainerItemProxy;
			containerPortal = D914A49E2600B22000DE9BD7 /* Project object */;
			proxyType = 1;
			remoteGlobalIDString = D914A4B12600B22400DE9BD7;
			remoteInfo = "card-matching-game (macOS)";
		};
/* End PBXContainerItemProxy section */

/* Begin PBXFileReference section */
		D914A4A32600B22000DE9BD7 /* card_matching_gameApp.swift */ = {isa = PBXFileReference; lastKnownFileType = sourcecode.swift; path = card_matching_gameApp.swift; sourceTree = "<group>"; };
		D914A4A42600B22000DE9BD7 /* MemoryGameView.swift */ = {isa = PBXFileReference; lastKnownFileType = sourcecode.swift; path = MemoryGameView.swift; sourceTree = "<group>"; };
		D914A4A52600B22400DE9BD7 /* Assets.xcassets */ = {isa = PBXFileReference; lastKnownFileType = folder.assetcatalog; path = Assets.xcassets; sourceTree = "<group>"; };
		D914A4AA2600B22400DE9BD7 /* card-matching-game.app */ = {isa = PBXFileReference; explicitFileType = wrapper.application; includeInIndex = 0; path = "card-matching-game.app"; sourceTree = BUILT_PRODUCTS_DIR; };
		D914A4AD2600B22400DE9BD7 /* Info.plist */ = {isa = PBXFileReference; lastKnownFileType = text.plist.xml; path = Info.plist; sourceTree = "<group>"; };
		D914A4B22600B22400DE9BD7 /* card-matching-game.app */ = {isa = PBXFileReference; explicitFileType = wrapper.application; includeInIndex = 0; path = "card-matching-game.app"; sourceTree = BUILT_PRODUCTS_DIR; };
		D914A4B42600B22400DE9BD7 /* Info.plist */ = {isa = PBXFileReference; lastKnownFileType = text.plist.xml; path = Info.plist; sourceTree = "<group>"; };
		D914A4B52600B22400DE9BD7 /* macOS.entitlements */ = {isa = PBXFileReference; lastKnownFileType = text.plist.entitlements; path = macOS.entitlements; sourceTree = "<group>"; };
		D914A4BA2600B22400DE9BD7 /* Tests iOS.xctest */ = {isa = PBXFileReference; explicitFileType = wrapper.cfbundle; includeInIndex = 0; path = "Tests iOS.xctest"; sourceTree = BUILT_PRODUCTS_DIR; };
		D914A4BE2600B22400DE9BD7 /* Tests_iOS.swift */ = {isa = PBXFileReference; lastKnownFileType = sourcecode.swift; path = Tests_iOS.swift; sourceTree = "<group>"; };
		D914A4C02600B22400DE9BD7 /* Info.plist */ = {isa = PBXFileReference; lastKnownFileType = text.plist.xml; path = Info.plist; sourceTree = "<group>"; };
		D914A4C52600B22400DE9BD7 /* Tests macOS.xctest */ = {isa = PBXFileReference; explicitFileType = wrapper.cfbundle; includeInIndex = 0; path = "Tests macOS.xctest"; sourceTree = BUILT_PRODUCTS_DIR; };
		D914A4C92600B22400DE9BD7 /* Tests_macOS.swift */ = {isa = PBXFileReference; lastKnownFileType = sourcecode.swift; path = Tests_macOS.swift; sourceTree = "<group>"; };
		D914A4CB2600B22400DE9BD7 /* Info.plist */ = {isa = PBXFileReference; lastKnownFileType = text.plist.xml; path = Info.plist; sourceTree = "<group>"; };
		D914A4E42600C33700DE9BD7 /* MemoryGame.swift */ = {isa = PBXFileReference; lastKnownFileType = sourcecode.swift; path = MemoryGame.swift; sourceTree = "<group>"; };
		D914A4EB2600C4C000DE9BD7 /* EmojiMemoryGame.swift */ = {isa = PBXFileReference; lastKnownFileType = sourcecode.swift; path = EmojiMemoryGame.swift; sourceTree = "<group>"; };
		D914A4F62602F54300DE9BD7 /* Grid.swift */ = {isa = PBXFileReference; lastKnownFileType = sourcecode.swift; path = Grid.swift; sourceTree = "<group>"; };
		D914A5012604CB1300DE9BD7 /* GridLayout.swift */ = {isa = PBXFileReference; lastKnownFileType = sourcecode.swift; path = GridLayout.swift; sourceTree = "<group>"; };
		D914A5082605611B00DE9BD7 /* Array+Identifiable.swift */ = {isa = PBXFileReference; lastKnownFileType = sourcecode.swift; path = "Array+Identifiable.swift"; sourceTree = "<group>"; };
		D914A50F2606C5A000DE9BD7 /* Array+Only.swift */ = {isa = PBXFileReference; lastKnownFileType = sourcecode.swift; path = "Array+Only.swift"; sourceTree = "<group>"; };
		D914A5162608B15100DE9BD7 /* Theme.swift */ = {isa = PBXFileReference; lastKnownFileType = sourcecode.swift; path = Theme.swift; sourceTree = "<group>"; };
/* End PBXFileReference section */

/* Begin PBXFrameworksBuildPhase section */
		D914A4A72600B22400DE9BD7 /* Frameworks */ = {
			isa = PBXFrameworksBuildPhase;
			buildActionMask = 2147483647;
			files = (
			);
			runOnlyForDeploymentPostprocessing = 0;
		};
		D914A4AF2600B22400DE9BD7 /* Frameworks */ = {
			isa = PBXFrameworksBuildPhase;
			buildActionMask = 2147483647;
			files = (
			);
			runOnlyForDeploymentPostprocessing = 0;
		};
		D914A4B72600B22400DE9BD7 /* Frameworks */ = {
			isa = PBXFrameworksBuildPhase;
			buildActionMask = 2147483647;
			files = (
			);
			runOnlyForDeploymentPostprocessing = 0;
		};
		D914A4C22600B22400DE9BD7 /* Frameworks */ = {
			isa = PBXFrameworksBuildPhase;
			buildActionMask = 2147483647;
			files = (
			);
			runOnlyForDeploymentPostprocessing = 0;
		};
/* End PBXFrameworksBuildPhase section */

/* Begin PBXGroup section */
		D914A49D2600B22000DE9BD7 = {
			isa = PBXGroup;
			children = (
				D914A4A22600B22000DE9BD7 /* Shared */,
				D914A4AC2600B22400DE9BD7 /* iOS */,
				D914A4B32600B22400DE9BD7 /* macOS */,
				D914A4BD2600B22400DE9BD7 /* Tests iOS */,
				D914A4C82600B22400DE9BD7 /* Tests macOS */,
				D914A4AB2600B22400DE9BD7 /* Products */,
			);
			sourceTree = "<group>";
		};
		D914A4A22600B22000DE9BD7 /* Shared */ = {
			isa = PBXGroup;
			children = (
				D914A4A32600B22000DE9BD7 /* card_matching_gameApp.swift */,
				D914A4A42600B22000DE9BD7 /* MemoryGameView.swift */,
				D914A4F62602F54300DE9BD7 /* Grid.swift */,
				D914A5012604CB1300DE9BD7 /* GridLayout.swift */,
				D914A4E42600C33700DE9BD7 /* MemoryGame.swift */,
				D914A50F2606C5A000DE9BD7 /* Array+Only.swift */,
				D914A5082605611B00DE9BD7 /* Array+Identifiable.swift */,
				D914A4EB2600C4C000DE9BD7 /* EmojiMemoryGame.swift */,
				D914A5162608B15100DE9BD7 /* Theme.swift */,
				D914A4A52600B22400DE9BD7 /* Assets.xcassets */,
			);
			path = Shared;
			sourceTree = "<group>";
		};
		D914A4AB2600B22400DE9BD7 /* Products */ = {
			isa = PBXGroup;
			children = (
				D914A4AA2600B22400DE9BD7 /* card-matching-game.app */,
				D914A4B22600B22400DE9BD7 /* card-matching-game.app */,
				D914A4BA2600B22400DE9BD7 /* Tests iOS.xctest */,
				D914A4C52600B22400DE9BD7 /* Tests macOS.xctest */,
			);
			name = Products;
			sourceTree = "<group>";
		};
		D914A4AC2600B22400DE9BD7 /* iOS */ = {
			isa = PBXGroup;
			children = (
				D914A4AD2600B22400DE9BD7 /* Info.plist */,
			);
			path = iOS;
			sourceTree = "<group>";
		};
		D914A4B32600B22400DE9BD7 /* macOS */ = {
			isa = PBXGroup;
			children = (
				D914A4B42600B22400DE9BD7 /* Info.plist */,
				D914A4B52600B22400DE9BD7 /* macOS.entitlements */,
			);
			path = macOS;
			sourceTree = "<group>";
		};
		D914A4BD2600B22400DE9BD7 /* Tests iOS */ = {
			isa = PBXGroup;
			children = (
				D914A4BE2600B22400DE9BD7 /* Tests_iOS.swift */,
				D914A4C02600B22400DE9BD7 /* Info.plist */,
			);
			path = "Tests iOS";
			sourceTree = "<group>";
		};
		D914A4C82600B22400DE9BD7 /* Tests macOS */ = {
			isa = PBXGroup;
			children = (
				D914A4C92600B22400DE9BD7 /* Tests_macOS.swift */,
				D914A4CB2600B22400DE9BD7 /* Info.plist */,
			);
			path = "Tests macOS";
			sourceTree = "<group>";
		};
/* End PBXGroup section */

/* Begin PBXNativeTarget section */
		D914A4A92600B22400DE9BD7 /* card-matching-game (iOS) */ = {
			isa = PBXNativeTarget;
			buildConfigurationList = D914A4D42600B22400DE9BD7 /* Build configuration list for PBXNativeTarget "card-matching-game (iOS)" */;
			buildPhases = (
				D914A4A62600B22400DE9BD7 /* Sources */,
				D914A4A72600B22400DE9BD7 /* Frameworks */,
				D914A4A82600B22400DE9BD7 /* Resources */,
			);
			buildRules = (
			);
			dependencies = (
			);
			name = "card-matching-game (iOS)";
			productName = "card-matching-game (iOS)";
			productReference = D914A4AA2600B22400DE9BD7 /* card-matching-game.app */;
			productType = "com.apple.product-type.application";
		};
		D914A4B12600B22400DE9BD7 /* card-matching-game (macOS) */ = {
			isa = PBXNativeTarget;
			buildConfigurationList = D914A4D72600B22400DE9BD7 /* Build configuration list for PBXNativeTarget "card-matching-game (macOS)" */;
			buildPhases = (
				D914A4AE2600B22400DE9BD7 /* Sources */,
				D914A4AF2600B22400DE9BD7 /* Frameworks */,
				D914A4B02600B22400DE9BD7 /* Resources */,
			);
			buildRules = (
			);
			dependencies = (
			);
			name = "card-matching-game (macOS)";
			productName = "card-matching-game (macOS)";
			productReference = D914A4B22600B22400DE9BD7 /* card-matching-game.app */;
			productType = "com.apple.product-type.application";
		};
		D914A4B92600B22400DE9BD7 /* Tests iOS */ = {
			isa = PBXNativeTarget;
			buildConfigurationList = D914A4DA2600B22400DE9BD7 /* Build configuration list for PBXNativeTarget "Tests iOS" */;
			buildPhases = (
				D914A4B62600B22400DE9BD7 /* Sources */,
				D914A4B72600B22400DE9BD7 /* Frameworks */,
				D914A4B82600B22400DE9BD7 /* Resources */,
			);
			buildRules = (
			);
			dependencies = (
				D914A4BC2600B22400DE9BD7 /* PBXTargetDependency */,
			);
			name = "Tests iOS";
			productName = "Tests iOS";
			productReference = D914A4BA2600B22400DE9BD7 /* Tests iOS.xctest */;
			productType = "com.apple.product-type.bundle.ui-testing";
		};
		D914A4C42600B22400DE9BD7 /* Tests macOS */ = {
			isa = PBXNativeTarget;
			buildConfigurationList = D914A4DD2600B22400DE9BD7 /* Build configuration list for PBXNativeTarget "Tests macOS" */;
			buildPhases = (
				D914A4C12600B22400DE9BD7 /* Sources */,
				D914A4C22600B22400DE9BD7 /* Frameworks */,
				D914A4C32600B22400DE9BD7 /* Resources */,
			);
			buildRules = (
			);
			dependencies = (
				D914A4C72600B22400DE9BD7 /* PBXTargetDependency */,
			);
			name = "Tests macOS";
			productName = "Tests macOS";
			productReference = D914A4C52600B22400DE9BD7 /* Tests macOS.xctest */;
			productType = "com.apple.product-type.bundle.ui-testing";
		};
/* End PBXNativeTarget section */

/* Begin PBXProject section */
		D914A49E2600B22000DE9BD7 /* Project object */ = {
			isa = PBXProject;
			attributes = {
				LastSwiftUpdateCheck = 1240;
				LastUpgradeCheck = 1240;
				TargetAttributes = {
					D914A4A92600B22400DE9BD7 = {
						CreatedOnToolsVersion = 12.4;
					};
					D914A4B12600B22400DE9BD7 = {
						CreatedOnToolsVersion = 12.4;
					};
					D914A4B92600B22400DE9BD7 = {
						CreatedOnToolsVersion = 12.4;
						TestTargetID = D914A4A92600B22400DE9BD7;
					};
					D914A4C42600B22400DE9BD7 = {
						CreatedOnToolsVersion = 12.4;
						TestTargetID = D914A4B12600B22400DE9BD7;
					};
				};
			};
			buildConfigurationList = D914A4A12600B22000DE9BD7 /* Build configuration list for PBXProject "card-matching-game" */;
			compatibilityVersion = "Xcode 9.3";
			developmentRegion = en;
			hasScannedForEncodings = 0;
			knownRegions = (
				en,
				Base,
			);
			mainGroup = D914A49D2600B22000DE9BD7;
			productRefGroup = D914A4AB2600B22400DE9BD7 /* Products */;
			projectDirPath = "";
			projectRoot = "";
			targets = (
				D914A4A92600B22400DE9BD7 /* card-matching-game (iOS) */,
				D914A4B12600B22400DE9BD7 /* card-matching-game (macOS) */,
				D914A4B92600B22400DE9BD7 /* Tests iOS */,
				D914A4C42600B22400DE9BD7 /* Tests macOS */,
			);
		};
/* End PBXProject section */

/* Begin PBXResourcesBuildPhase section */
		D914A4A82600B22400DE9BD7 /* Resources */ = {
			isa = PBXResourcesBuildPhase;
			buildActionMask = 2147483647;
			files = (
				D914A4D02600B22400DE9BD7 /* Assets.xcassets in Resources */,
			);
			runOnlyForDeploymentPostprocessing = 0;
		};
		D914A4B02600B22400DE9BD7 /* Resources */ = {
			isa = PBXResourcesBuildPhase;
			buildActionMask = 2147483647;
			files = (
				D914A4D12600B22400DE9BD7 /* Assets.xcassets in Resources */,
			);
			runOnlyForDeploymentPostprocessing = 0;
		};
		D914A4B82600B22400DE9BD7 /* Resources */ = {
			isa = PBXResourcesBuildPhase;
			buildActionMask = 2147483647;
			files = (
			);
			runOnlyForDeploymentPostprocessing = 0;
		};
		D914A4C32600B22400DE9BD7 /* Resources */ = {
			isa = PBXResourcesBuildPhase;
			buildActionMask = 2147483647;
			files = (
			);
			runOnlyForDeploymentPostprocessing = 0;
		};
/* End PBXResourcesBuildPhase section */

/* Begin PBXSourcesBuildPhase section */
		D914A4A62600B22400DE9BD7 /* Sources */ = {
			isa = PBXSourcesBuildPhase;
			buildActionMask = 2147483647;
			files = (
				D914A5172608B15100DE9BD7 /* Theme.swift in Sources */,
				D914A4E52600C33700DE9BD7 /* MemoryGame.swift in Sources */,
				D914A4CE2600B22400DE9BD7 /* MemoryGameView.swift in Sources */,
				D914A4CC2600B22400DE9BD7 /* card_matching_gameApp.swift in Sources */,
				D914A5022604CB1300DE9BD7 /* GridLayout.swift in Sources */,
				D914A4EC2600C4C000DE9BD7 /* EmojiMemoryGame.swift in Sources */,
				D914A5092605611B00DE9BD7 /* Array+Identifiable.swift in Sources */,
				D914A4F72602F54300DE9BD7 /* Grid.swift in Sources */,
				D914A5102606C5A000DE9BD7 /* Array+Only.swift in Sources */,
			);
			runOnlyForDeploymentPostprocessing = 0;
		};
		D914A4AE2600B22400DE9BD7 /* Sources */ = {
			isa = PBXSourcesBuildPhase;
			buildActionMask = 2147483647;
			files = (
				D914A5182608B15100DE9BD7 /* Theme.swift in Sources */,
				D914A4E62600C33700DE9BD7 /* MemoryGame.swift in Sources */,
				D914A4CF2600B22400DE9BD7 /* MemoryGameView.swift in Sources */,
				D914A4CD2600B22400DE9BD7 /* card_matching_gameApp.swift in Sources */,
				D914A5032604CB1300DE9BD7 /* GridLayout.swift in Sources */,
				D914A4ED2600C4C000DE9BD7 /* EmojiMemoryGame.swift in Sources */,
				D914A50A2605611B00DE9BD7 /* Array+Identifiable.swift in Sources */,
				D914A4F82602F54300DE9BD7 /* Grid.swift in Sources */,
				D914A5112606C5A000DE9BD7 /* Array+Only.swift in Sources */,
			);
			runOnlyForDeploymentPostprocessing = 0;
		};
		D914A4B62600B22400DE9BD7 /* Sources */ = {
			isa = PBXSourcesBuildPhase;
			buildActionMask = 2147483647;
			files = (
				D914A4BF2600B22400DE9BD7 /* Tests_iOS.swift in Sources */,
			);
			runOnlyForDeploymentPostprocessing = 0;
		};
		D914A4C12600B22400DE9BD7 /* Sources */ = {
			isa = PBXSourcesBuildPhase;
			buildActionMask = 2147483647;
			files = (
				D914A4CA2600B22400DE9BD7 /* Tests_macOS.swift in Sources */,
			);
			runOnlyForDeploymentPostprocessing = 0;
		};
/* End PBXSourcesBuildPhase section */

/* Begin PBXTargetDependency section */
		D914A4BC2600B22400DE9BD7 /* PBXTargetDependency */ = {
			isa = PBXTargetDependency;
			target = D914A4A92600B22400DE9BD7 /* card-matching-game (iOS) */;
			targetProxy = D914A4BB2600B22400DE9BD7 /* PBXContainerItemProxy */;
		};
		D914A4C72600B22400DE9BD7 /* PBXTargetDependency */ = {
			isa = PBXTargetDependency;
			target = D914A4B12600B22400DE9BD7 /* card-matching-game (macOS) */;
			targetProxy = D914A4C62600B22400DE9BD7 /* PBXContainerItemProxy */;
		};
/* End PBXTargetDependency section */

/* Begin XCBuildConfiguration section */
		D914A4D22600B22400DE9BD7 /* Debug */ = {
			isa = XCBuildConfiguration;
			buildSettings = {
				ALWAYS_SEARCH_USER_PATHS = NO;
				CLANG_ANALYZER_NONNULL = YES;
				CLANG_ANALYZER_NUMBER_OBJECT_CONVERSION = YES_AGGRESSIVE;
				CLANG_CXX_LANGUAGE_STANDARD = "gnu++14";
				CLANG_CXX_LIBRARY = "libc++";
				CLANG_ENABLE_MODULES = YES;
				CLANG_ENABLE_OBJC_ARC = YES;
				CLANG_ENABLE_OBJC_WEAK = YES;
				CLANG_WARN_BLOCK_CAPTURE_AUTORELEASING = YES;
				CLANG_WARN_BOOL_CONVERSION = YES;
				CLANG_WARN_COMMA = YES;
				CLANG_WARN_CONSTANT_CONVERSION = YES;
				CLANG_WARN_DEPRECATED_OBJC_IMPLEMENTATIONS = YES;
				CLANG_WARN_DIRECT_OBJC_ISA_USAGE = YES_ERROR;
				CLANG_WARN_DOCUMENTATION_COMMENTS = YES;
				CLANG_WARN_EMPTY_BODY = YES;
				CLANG_WARN_ENUM_CONVERSION = YES;
				CLANG_WARN_INFINITE_RECURSION = YES;
				CLANG_WARN_INT_CONVERSION = YES;
				CLANG_WARN_NON_LITERAL_NULL_CONVERSION = YES;
				CLANG_WARN_OBJC_IMPLICIT_RETAIN_SELF = YES;
				CLANG_WARN_OBJC_LITERAL_CONVERSION = YES;
				CLANG_WARN_OBJC_ROOT_CLASS = YES_ERROR;
				CLANG_WARN_QUOTED_INCLUDE_IN_FRAMEWORK_HEADER = YES;
				CLANG_WARN_RANGE_LOOP_ANALYSIS = YES;
				CLANG_WARN_STRICT_PROTOTYPES = YES;
				CLANG_WARN_SUSPICIOUS_MOVE = YES;
				CLANG_WARN_UNGUARDED_AVAILABILITY = YES_AGGRESSIVE;
				CLANG_WARN_UNREACHABLE_CODE = YES;
				CLANG_WARN__DUPLICATE_METHOD_MATCH = YES;
				COPY_PHASE_STRIP = NO;
				DEBUG_INFORMATION_FORMAT = dwarf;
				ENABLE_STRICT_OBJC_MSGSEND = YES;
				ENABLE_TESTABILITY = YES;
				GCC_C_LANGUAGE_STANDARD = gnu11;
				GCC_DYNAMIC_NO_PIC = NO;
				GCC_NO_COMMON_BLOCKS = YES;
				GCC_OPTIMIZATION_LEVEL = 0;
				GCC_PREPROCESSOR_DEFINITIONS = (
					"DEBUG=1",
					"$(inherited)",
				);
				GCC_WARN_64_TO_32_BIT_CONVERSION = YES;
				GCC_WARN_ABOUT_RETURN_TYPE = YES_ERROR;
				GCC_WARN_UNDECLARED_SELECTOR = YES;
				GCC_WARN_UNINITIALIZED_AUTOS = YES_AGGRESSIVE;
				GCC_WARN_UNUSED_FUNCTION = YES;
				GCC_WARN_UNUSED_VARIABLE = YES;
				MTL_ENABLE_DEBUG_INFO = INCLUDE_SOURCE;
				MTL_FAST_MATH = YES;
				ONLY_ACTIVE_ARCH = YES;
				SWIFT_ACTIVE_COMPILATION_CONDITIONS = DEBUG;
				SWIFT_OPTIMIZATION_LEVEL = "-Onone";
			};
			name = Debug;
		};
		D914A4D32600B22400DE9BD7 /* Release */ = {
			isa = XCBuildConfiguration;
			buildSettings = {
				ALWAYS_SEARCH_USER_PATHS = NO;
				CLANG_ANALYZER_NONNULL = YES;
				CLANG_ANALYZER_NUMBER_OBJECT_CONVERSION = YES_AGGRESSIVE;
				CLANG_CXX_LANGUAGE_STANDARD = "gnu++14";
				CLANG_CXX_LIBRARY = "libc++";
				CLANG_ENABLE_MODULES = YES;
				CLANG_ENABLE_OBJC_ARC = YES;
				CLANG_ENABLE_OBJC_WEAK = YES;
				CLANG_WARN_BLOCK_CAPTURE_AUTORELEASING = YES;
				CLANG_WARN_BOOL_CONVERSION = YES;
				CLANG_WARN_COMMA = YES;
				CLANG_WARN_CONSTANT_CONVERSION = YES;
				CLANG_WARN_DEPRECATED_OBJC_IMPLEMENTATIONS = YES;
				CLANG_WARN_DIRECT_OBJC_ISA_USAGE = YES_ERROR;
				CLANG_WARN_DOCUMENTATION_COMMENTS = YES;
				CLANG_WARN_EMPTY_BODY = YES;
				CLANG_WARN_ENUM_CONVERSION = YES;
				CLANG_WARN_INFINITE_RECURSION = YES;
				CLANG_WARN_INT_CONVERSION = YES;
				CLANG_WARN_NON_LITERAL_NULL_CONVERSION = YES;
				CLANG_WARN_OBJC_IMPLICIT_RETAIN_SELF = YES;
				CLANG_WARN_OBJC_LITERAL_CONVERSION = YES;
				CLANG_WARN_OBJC_ROOT_CLASS = YES_ERROR;
				CLANG_WARN_QUOTED_INCLUDE_IN_FRAMEWORK_HEADER = YES;
				CLANG_WARN_RANGE_LOOP_ANALYSIS = YES;
				CLANG_WARN_STRICT_PROTOTYPES = YES;
				CLANG_WARN_SUSPICIOUS_MOVE = YES;
				CLANG_WARN_UNGUARDED_AVAILABILITY = YES_AGGRESSIVE;
				CLANG_WARN_UNREACHABLE_CODE = YES;
				CLANG_WARN__DUPLICATE_METHOD_MATCH = YES;
				COPY_PHASE_STRIP = NO;
				DEBUG_INFORMATION_FORMAT = "dwarf-with-dsym";
				ENABLE_NS_ASSERTIONS = NO;
				ENABLE_STRICT_OBJC_MSGSEND = YES;
				GCC_C_LANGUAGE_STANDARD = gnu11;
				GCC_NO_COMMON_BLOCKS = YES;
				GCC_WARN_64_TO_32_BIT_CONVERSION = YES;
				GCC_WARN_ABOUT_RETURN_TYPE = YES_ERROR;
				GCC_WARN_UNDECLARED_SELECTOR = YES;
				GCC_WARN_UNINITIALIZED_AUTOS = YES_AGGRESSIVE;
				GCC_WARN_UNUSED_FUNCTION = YES;
				GCC_WARN_UNUSED_VARIABLE = YES;
				MTL_ENABLE_DEBUG_INFO = NO;
				MTL_FAST_MATH = YES;
				SWIFT_COMPILATION_MODE = wholemodule;
				SWIFT_OPTIMIZATION_LEVEL = "-O";
			};
			name = Release;
		};
		D914A4D52600B22400DE9BD7 /* Debug */ = {
			isa = XCBuildConfiguration;
			buildSettings = {
				ASSETCATALOG_COMPILER_APPICON_NAME = AppIcon;
				ASSETCATALOG_COMPILER_GLOBAL_ACCENT_COLOR_NAME = AccentColor;
				CODE_SIGN_STYLE = Automatic;
				DEVELOPMENT_TEAM = PQYWQB75M5;
				ENABLE_PREVIEWS = YES;
				INFOPLIST_FILE = iOS/Info.plist;
				IPHONEOS_DEPLOYMENT_TARGET = 14.0;
				LD_RUNPATH_SEARCH_PATHS = (
					"$(inherited)",
					"@executable_path/Frameworks",
				);
				PRODUCT_BUNDLE_IDENTIFIER = "com.wiljay.card-matching-game";
				PRODUCT_NAME = "card-matching-game";
				SDKROOT = iphoneos;
				SWIFT_VERSION = 5.0;
				TARGETED_DEVICE_FAMILY = "1,2";
			};
			name = Debug;
		};
		D914A4D62600B22400DE9BD7 /* Release */ = {
			isa = XCBuildConfiguration;
			buildSettings = {
				ASSETCATALOG_COMPILER_APPICON_NAME = AppIcon;
				ASSETCATALOG_COMPILER_GLOBAL_ACCENT_COLOR_NAME = AccentColor;
				CODE_SIGN_STYLE = Automatic;
				DEVELOPMENT_TEAM = PQYWQB75M5;
				ENABLE_PREVIEWS = YES;
				INFOPLIST_FILE = iOS/Info.plist;
				IPHONEOS_DEPLOYMENT_TARGET = 14.0;
				LD_RUNPATH_SEARCH_PATHS = (
					"$(inherited)",
					"@executable_path/Frameworks",
				);
				PRODUCT_BUNDLE_IDENTIFIER = "com.wiljay.card-matching-game";
				PRODUCT_NAME = "card-matching-game";
				SDKROOT = iphoneos;
				SWIFT_VERSION = 5.0;
				TARGETED_DEVICE_FAMILY = "1,2";
				VALIDATE_PRODUCT = YES;
			};
			name = Release;
		};
		D914A4D82600B22400DE9BD7 /* Debug */ = {
			isa = XCBuildConfiguration;
			buildSettings = {
				ASSETCATALOG_COMPILER_APPICON_NAME = AppIcon;
				ASSETCATALOG_COMPILER_GLOBAL_ACCENT_COLOR_NAME = AccentColor;
				CODE_SIGN_ENTITLEMENTS = macOS/macOS.entitlements;
				CODE_SIGN_STYLE = Automatic;
				COMBINE_HIDPI_IMAGES = YES;
				DEVELOPMENT_TEAM = PQYWQB75M5;
				ENABLE_HARDENED_RUNTIME = YES;
				ENABLE_PREVIEWS = YES;
				INFOPLIST_FILE = macOS/Info.plist;
				LD_RUNPATH_SEARCH_PATHS = (
					"$(inherited)",
					"@executable_path/../Frameworks",
				);
				MACOSX_DEPLOYMENT_TARGET = 11.0;
				PRODUCT_BUNDLE_IDENTIFIER = "com.wiljay.card-matching-game";
				PRODUCT_NAME = "card-matching-game";
				SDKROOT = macosx;
				SWIFT_VERSION = 5.0;
			};
			name = Debug;
		};
		D914A4D92600B22400DE9BD7 /* Release */ = {
			isa = XCBuildConfiguration;
			buildSettings = {
				ASSETCATALOG_COMPILER_APPICON_NAME = AppIcon;
				ASSETCATALOG_COMPILER_GLOBAL_ACCENT_COLOR_NAME = AccentColor;
				CODE_SIGN_ENTITLEMENTS = macOS/macOS.entitlements;
				CODE_SIGN_STYLE = Automatic;
				COMBINE_HIDPI_IMAGES = YES;
				DEVELOPMENT_TEAM = PQYWQB75M5;
				ENABLE_HARDENED_RUNTIME = YES;
				ENABLE_PREVIEWS = YES;
				INFOPLIST_FILE = macOS/Info.plist;
				LD_RUNPATH_SEARCH_PATHS = (
					"$(inherited)",
					"@executable_path/../Frameworks",
				);
				MACOSX_DEPLOYMENT_TARGET = 11.0;
				PRODUCT_BUNDLE_IDENTIFIER = "com.wiljay.card-matching-game";
				PRODUCT_NAME = "card-matching-game";
				SDKROOT = macosx;
				SWIFT_VERSION = 5.0;
			};
			name = Release;
		};
		D914A4DB2600B22400DE9BD7 /* Debug */ = {
			isa = XCBuildConfiguration;
			buildSettings = {
				ALWAYS_EMBED_SWIFT_STANDARD_LIBRARIES = YES;
				CODE_SIGN_STYLE = Automatic;
				DEVELOPMENT_TEAM = PQYWQB75M5;
				INFOPLIST_FILE = "Tests iOS/Info.plist";
				IPHONEOS_DEPLOYMENT_TARGET = 14.4;
				LD_RUNPATH_SEARCH_PATHS = (
					"$(inherited)",
					"@executable_path/Frameworks",
					"@loader_path/Frameworks",
				);
				PRODUCT_BUNDLE_IDENTIFIER = "com.wiljay.Tests-iOS";
				PRODUCT_NAME = "$(TARGET_NAME)";
				SDKROOT = iphoneos;
				SWIFT_VERSION = 5.0;
				TARGETED_DEVICE_FAMILY = "1,2";
				TEST_TARGET_NAME = "card-matching-game (iOS)";
			};
			name = Debug;
		};
		D914A4DC2600B22400DE9BD7 /* Release */ = {
			isa = XCBuildConfiguration;
			buildSettings = {
				ALWAYS_EMBED_SWIFT_STANDARD_LIBRARIES = YES;
				CODE_SIGN_STYLE = Automatic;
				DEVELOPMENT_TEAM = PQYWQB75M5;
				INFOPLIST_FILE = "Tests iOS/Info.plist";
				IPHONEOS_DEPLOYMENT_TARGET = 14.4;
				LD_RUNPATH_SEARCH_PATHS = (
					"$(inherited)",
					"@executable_path/Frameworks",
					"@loader_path/Frameworks",
				);
				PRODUCT_BUNDLE_IDENTIFIER = "com.wiljay.Tests-iOS";
				PRODUCT_NAME = "$(TARGET_NAME)";
				SDKROOT = iphoneos;
				SWIFT_VERSION = 5.0;
				TARGETED_DEVICE_FAMILY = "1,2";
				TEST_TARGET_NAME = "card-matching-game (iOS)";
				VALIDATE_PRODUCT = YES;
			};
			name = Release;
		};
		D914A4DE2600B22400DE9BD7 /* Debug */ = {
			isa = XCBuildConfiguration;
			buildSettings = {
				ALWAYS_EMBED_SWIFT_STANDARD_LIBRARIES = YES;
				CODE_SIGN_STYLE = Automatic;
				COMBINE_HIDPI_IMAGES = YES;
				DEVELOPMENT_TEAM = PQYWQB75M5;
				INFOPLIST_FILE = "Tests macOS/Info.plist";
				LD_RUNPATH_SEARCH_PATHS = (
					"$(inherited)",
					"@executable_path/../Frameworks",
					"@loader_path/../Frameworks",
				);
				MACOSX_DEPLOYMENT_TARGET = 11.1;
				PRODUCT_BUNDLE_IDENTIFIER = "com.wiljay.Tests-macOS";
				PRODUCT_NAME = "$(TARGET_NAME)";
				SDKROOT = macosx;
				SWIFT_VERSION = 5.0;
				TEST_TARGET_NAME = "card-matching-game (macOS)";
			};
			name = Debug;
		};
		D914A4DF2600B22400DE9BD7 /* Release */ = {
			isa = XCBuildConfiguration;
			buildSettings = {
				ALWAYS_EMBED_SWIFT_STANDARD_LIBRARIES = YES;
				CODE_SIGN_STYLE = Automatic;
				COMBINE_HIDPI_IMAGES = YES;
				DEVELOPMENT_TEAM = PQYWQB75M5;
				INFOPLIST_FILE = "Tests macOS/Info.plist";
				LD_RUNPATH_SEARCH_PATHS = (
					"$(inherited)",
					"@executable_path/../Frameworks",
					"@loader_path/../Frameworks",
				);
				MACOSX_DEPLOYMENT_TARGET = 11.1;
				PRODUCT_BUNDLE_IDENTIFIER = "com.wiljay.Tests-macOS";
				PRODUCT_NAME = "$(TARGET_NAME)";
				SDKROOT = macosx;
				SWIFT_VERSION = 5.0;
				TEST_TARGET_NAME = "card-matching-game (macOS)";
			};
			name = Release;
		};
/* End XCBuildConfiguration section */

/* Begin XCConfigurationList section */
		D914A4A12600B22000DE9BD7 /* Build configuration list for PBXProject "card-matching-game" */ = {
			isa = XCConfigurationList;
			buildConfigurations = (
				D914A4D22600B22400DE9BD7 /* Debug */,
				D914A4D32600B22400DE9BD7 /* Release */,
			);
			defaultConfigurationIsVisible = 0;
			defaultConfigurationName = Release;
		};
		D914A4D42600B22400DE9BD7 /* Build configuration list for PBXNativeTarget "card-matching-game (iOS)" */ = {
			isa = XCConfigurationList;
			buildConfigurations = (
				D914A4D52600B22400DE9BD7 /* Debug */,
				D914A4D62600B22400DE9BD7 /* Release */,
			);
			defaultConfigurationIsVisible = 0;
			defaultConfigurationName = Release;
		};
		D914A4D72600B22400DE9BD7 /* Build configuration list for PBXNativeTarget "card-matching-game (macOS)" */ = {
			isa = XCConfigurationList;
			buildConfigurations = (
				D914A4D82600B22400DE9BD7 /* Debug */,
				D914A4D92600B22400DE9BD7 /* Release */,
			);
			defaultConfigurationIsVisible = 0;
			defaultConfigurationName = Release;
		};
		D914A4DA2600B22400DE9BD7 /* Build configuration list for PBXNativeTarget "Tests iOS" */ = {
			isa = XCConfigurationList;
			buildConfigurations = (
				D914A4DB2600B22400DE9BD7 /* Debug */,
				D914A4DC2600B22400DE9BD7 /* Release */,
			);
			defaultConfigurationIsVisible = 0;
			defaultConfigurationName = Release;
		};
		D914A4DD2600B22400DE9BD7 /* Build configuration list for PBXNativeTarget "Tests macOS" */ = {
			isa = XCConfigurationList;
			buildConfigurations = (
				D914A4DE2600B22400DE9BD7 /* Debug */,
				D914A4DF2600B22400DE9BD7 /* Release */,
			);
			defaultConfigurationIsVisible = 0;
			defaultConfigurationName = Release;
		};
/* End XCConfigurationList section */
	};
	rootObject = D914A49E2600B22000DE9BD7 /* Project object */;
}
